
Microsoft Visual Studio Solution File, Format Version 12.00
# Visual Studio Version 17
VisualStudioVersion = 17.8.34408.163
MinimumVisualStudioVersion = 10.0.40219.1
Project("{FAE04EC0-301F-11D3-BF4B-00C04F79EFBC}") = "LFA_Application", "LFA_Application\LFA_Application.csproj", "{1D0353A3-E390-4E9B-8FB6-5CCBBA45F239}"
EndProject
Global
	GlobalSection(SolutionConfigurationPlatforms) = preSolution
		Debug|Any CPU = Debug|Any CPU
		Release|Any CPU = Release|Any CPU
	EndGlobalSection
	GlobalSection(ProjectConfigurationPlatforms) = postSolution
		{1D0353A3-E390-4E9B-8FB6-5CCBBA45F239}.Debug|Any CPU.ActiveCfg = Debug|Any CPU
		{1D0353A3-E390-4E9B-8FB6-5CCBBA45F239}.Debug|Any CPU.Build.0 = Debug|Any CPU
		{1D0353A3-E390-4E9B-8FB6-5CCBBA45F239}.Release|Any CPU.ActiveCfg = Release|Any CPU
		{1D0353A3-E390-4E9B-8FB6-5CCBBA45F239}.Release|Any CPU.Build.0 = Release|Any CPU
	EndGlobalSection
	GlobalSection(SolutionProperties) = preSolution
		HideSolutionNode = FALSE
	EndGlobalSection
	GlobalSection(ExtensibilityGlobals) = postSolution
		SolutionGuid = {28015B04-339E-4615-93DA-5E5237B781CA}
	EndGlobalSection
EndGlobal
